github.com/avast/apkparser v0.0.0-20250626104540-d53391f4d69d h1:PGSn2pnK/u5ZBompy83R6Wo4BqLYp3dX43QWDoPv7TA=
github.com/avast/apkparser v0.0.0-20250626104540-d53391f4d69d/go.mod h1:3F9A8btIerUcuy7Fmno+g/nIk4ELKJ6NCs2/KK1bvLs=
github.com/avast/apkverifier v0.0.0-20250626104651-727e33396aec h1:Y/3gd5e29uUSK5BqY5zwRpBE+UWv0dObUyCGyCLhCIw=
github.com/avast/apkverifier v0.0.0-20250626104651-727e33396aec/go.mod h1:a8y1CMmslGuTI5b+4Fz0XekhsAfQZZJ5GuMJq5smTLQ=
github.com/klauspost/compress v1.18.0 h1:c/Cqfb0r+Yi+JtIEq73FWXVkRonBlf0CRNYc8Zttxdo=
github.com/klauspost/compress v1.18.0/go.mod h1:2Pp+KzxcywXVXMr50+X0Q/Lsb43OQHYWRCY2AiWywWQ=
golang.org/x/image v0.30.0 h1:jD5RhkmVAnjqaCUXfbGBrn3lpxbknfN9w2UhHHU+5B4=
golang.org/x/image v0.30.0/go.mod h1:SAEUTxCCMWSrJcCy/4HwavEsfZZJlYxeHLc6tTiAe/c=
